
Microsoft Visual Studio Solution File, Format Version 12.00
# Visual Studio 15
VisualStudioVersion = 15.0.28010.2016
MinimumVisualStudioVersion = 10.0.40219.1
Project("{8BC9CEB8-8B4A-11D0-8D11-00A0C91BC942}") = "CaesarCipher", "CaesarCipher\CaesarCipher.vcxproj", "{0C50CD5C-041D-453E-9082-54B978338B4C}"
EndProject
Global
	GlobalSection(SolutionConfigurationPlatforms) = preSolution
		Debug|x64 = Debug|x64
		Debug|x86 = Debug|x86
		Release|x64 = Release|x64
		Release|x86 = Release|x86
	EndGlobalSection
	GlobalSection(ProjectConfigurationPlatforms) = postSolution
		{0C50CD5C-041D-453E-9082-54B978338B4C}.Debug|x64.ActiveCfg = Debug|x64
		{0C50CD5C-041D-453E-9082-54B978338B4C}.Debug|x64.Build.0 = Debug|x64
		{0C50CD5C-041D-453E-9082-54B978338B4C}.Debug|x86.ActiveCfg = Debug|Win32
		{0C50CD5C-041D-453E-9082-54B978338B4C}.Debug|x86.Build.0 = Debug|Win32
		{0C50CD5C-041D-453E-9082-54B978338B4C}.Release|x64.ActiveCfg = Release|x64
		{0C50CD5C-041D-453E-9082-54B978338B4C}.Release|x64.Build.0 = Release|x64
		{0C50CD5C-041D-453E-9082-54B978338B4C}.Release|x86.ActiveCfg = Release|Win32
		{0C50CD5C-041D-453E-9082-54B978338B4C}.Release|x86.Build.0 = Release|Win32
	EndGlobalSection
	GlobalSection(SolutionProperties) = preSolution
		HideSolutionNode = FALSE
	EndGlobalSection
	GlobalSection(ExtensibilityGlobals) = postSolution
		SolutionGuid = {4921A44F-244F-48BD-99E0-40B3ED506402}
	EndGlobalSection
EndGlobal
